
Microsoft Visual Studio Solution File, Format Version 12.00
# Visual Studio Version 16
VisualStudioVersion = 16.0.31205.134
MinimumVisualStudioVersion = 10.0.40219.1
Project("{2150E333-8FDC-42A3-9474-1A3956D46DE8}") = "1. BasicDataStructures", "1. BasicDataStructures", "{F2B0EB10-5F61-45E7-BC8C-48B08AB86934}"
EndProject
Project("{FAE04EC0-301F-11D3-BF4B-00C04F79EFBC}") = "LD.BasicDataStructures", "src\LD.BasicDataStructures\LD.BasicDataStructures.csproj", "{BC968093-CA9F-450D-B255-66DE4EDEEE5F}"
EndProject
Project("{2150E333-8FDC-42A3-9474-1A3956D46DE8}") = "2. Samples", "2. Samples", "{2A0EFBD7-89EA-4824-B1B5-441CD1E8AB43}"
EndProject
Project("{FAE04EC0-301F-11D3-BF4B-00C04F79EFBC}") = "LD.BasicDataStructures.Samples", "src\LD.BasicDataStructures.Samples\LD.BasicDataStructures.Samples.csproj", "{6601BAA5-B1AB-4512-9779-52BC9BB4F5B1}"
EndProject
Global
	GlobalSection(SolutionConfigurationPlatforms) = preSolution
		Debug|Any CPU = Debug|Any CPU
		Release|Any CPU = Release|Any CPU
	EndGlobalSection
	GlobalSection(ProjectConfigurationPlatforms) = postSolution
		{BC968093-CA9F-450D-B255-66DE4EDEEE5F}.Debug|Any CPU.ActiveCfg = Debug|Any CPU
		{BC968093-CA9F-450D-B255-66DE4EDEEE5F}.Debug|Any CPU.Build.0 = Debug|Any CPU
		{BC968093-CA9F-450D-B255-66DE4EDEEE5F}.Release|Any CPU.ActiveCfg = Release|Any CPU
		{BC968093-CA9F-450D-B255-66DE4EDEEE5F}.Release|Any CPU.Build.0 = Release|Any CPU
		{6601BAA5-B1AB-4512-9779-52BC9BB4F5B1}.Debug|Any CPU.ActiveCfg = Debug|Any CPU
		{6601BAA5-B1AB-4512-9779-52BC9BB4F5B1}.Debug|Any CPU.Build.0 = Debug|Any CPU
		{6601BAA5-B1AB-4512-9779-52BC9BB4F5B1}.Release|Any CPU.ActiveCfg = Release|Any CPU
		{6601BAA5-B1AB-4512-9779-52BC9BB4F5B1}.Release|Any CPU.Build.0 = Release|Any CPU
	EndGlobalSection
	GlobalSection(SolutionProperties) = preSolution
		HideSolutionNode = FALSE
	EndGlobalSection
	GlobalSection(NestedProjects) = preSolution
		{BC968093-CA9F-450D-B255-66DE4EDEEE5F} = {F2B0EB10-5F61-45E7-BC8C-48B08AB86934}
		{6601BAA5-B1AB-4512-9779-52BC9BB4F5B1} = {2A0EFBD7-89EA-4824-B1B5-441CD1E8AB43}
	EndGlobalSection
	GlobalSection(ExtensibilityGlobals) = postSolution
		SolutionGuid = {CE4A5273-ECB4-41E3-8DCD-8214FCEF08DA}
	EndGlobalSection
EndGlobal
